// !$*UTF8*$!
{
	archiveVersion = 1;
	classes = {
	};
	objectVersion = 46;
	objects = {

/* Begin PBXBuildFile section */
		5638DD06187C5A86003B16A3 /* Foundation.framework in Frameworks */ = {isa = PBXBuildFile; fileRef = 5638DD05187C5A86003B16A3 /* Foundation.framework */; };
		5638DD08187C5A86003B16A3 /* CoreGraphics.framework in Frameworks */ = {isa = PBXBuildFile; fileRef = 5638DD07187C5A86003B16A3 /* CoreGraphics.framework */; };
		5638DD0A187C5A86003B16A3 /* UIKit.framework in Frameworks */ = {isa = PBXBuildFile; fileRef = 5638DD09187C5A86003B16A3 /* UIKit.framework */; };
		5638DD10187C5A86003B16A3 /* InfoPlist.strings in Resources */ = {isa = PBXBuildFile; fileRef = 5638DD0E187C5A86003B16A3 /* InfoPlist.strings */; };
		5638DD12187C5A86003B16A3 /* main.m in Sources */ = {isa = PBXBuildFile; fileRef = 5638DD11187C5A86003B16A3 /* main.m */; };
		5638DD16187C5A86003B16A3 /* AppDelegate.m in Sources */ = {isa = PBXBuildFile; fileRef = 5638DD15187C5A86003B16A3 /* AppDelegate.m */; };
		5638DD18187C5A86003B16A3 /* Images.xcassets in Resources */ = {isa = PBXBuildFile; fileRef = 5638DD17187C5A86003B16A3 /* Images.xcassets */; };
		5638DD1F187C5A86003B16A3 /* XCTest.framework in Frameworks */ = {isa = PBXBuildFile; fileRef = 5638DD1E187C5A86003B16A3 /* XCTest.framework */; };
		5638DD20187C5A86003B16A3 /* Foundation.framework in Frameworks */ = {isa = PBXBuildFile; fileRef = 5638DD05187C5A86003B16A3 /* Foundation.framework */; };
		5638DD21187C5A86003B16A3 /* UIKit.framework in Frameworks */ = {isa = PBXBuildFile; fileRef = 5638DD09187C5A86003B16A3 /* UIKit.framework */; };
		5638DD29187C5A86003B16A3 /* InfoPlist.strings in Resources */ = {isa = PBXBuildFile; fileRef = 5638DD27187C5A86003B16A3 /* InfoPlist.strings */; };
		5638DD2B187C5A86003B16A3 /* SinaWeiboLikeMenuTests.m in Sources */ = {isa = PBXBuildFile; fileRef = 5638DD2A187C5A86003B16A3 /* SinaWeiboLikeMenuTests.m */; };
		5693F628187C6053003E529B /* UIView+CommonAnimation.m in Sources */ = {isa = PBXBuildFile; fileRef = 5693F625187C6053003E529B /* UIView+CommonAnimation.m */; };
		5693F629187C6053003E529B /* WeiboLikeMenu.m in Sources */ = {isa = PBXBuildFile; fileRef = 5693F627187C6053003E529B /* WeiboLikeMenu.m */; };
		5693F62C187C607D003E529B /* WeiboLikeMenuItem.m in Sources */ = {isa = PBXBuildFile; fileRef = 5693F62B187C607D003E529B /* WeiboLikeMenuItem.m */; };
		5693F64A187C61C2003E529B /* icon-960x640@2x.jpg in Resources */ = {isa = PBXBuildFile; fileRef = 5693F62E187C61C2003E529B /* icon-960x640@2x.jpg */; };
		5693F64B187C61C2003E529B /* tabbar_background_os7@2x.png in Resources */ = {isa = PBXBuildFile; fileRef = 5693F62F187C61C2003E529B /* tabbar_background_os7@2x.png */; };
		5693F64C187C61C2003E529B /* tabbar_compose_background_icon_add.png in Resources */ = {isa = PBXBuildFile; fileRef = 5693F630187C61C2003E529B /* tabbar_compose_background_icon_add.png */; };
		5693F64D187C61C2003E529B /* tabbar_compose_background_icon_add@2x.png in Resources */ = {isa = PBXBuildFile; fileRef = 5693F631187C61C2003E529B /* tabbar_compose_background_icon_add@2x.png */; };
		5693F64E187C61C2003E529B /* tabbar_compose_background_icon_close.png in Resources */ = {isa = PBXBuildFile; fileRef = 5693F632187C61C2003E529B /* tabbar_compose_background_icon_close.png */; };
		5693F64F187C61C2003E529B /* tabbar_compose_background_icon_close@2x.png in Resources */ = {isa = PBXBuildFile; fileRef = 5693F633187C61C2003E529B /* tabbar_compose_background_icon_close@2x.png */; };
		5693F650187C61C2003E529B /* tabbar_compose_background_icon_return.png in Resources */ = {isa = PBXBuildFile; fileRef = 5693F634187C61C2003E529B /* tabbar_compose_background_icon_return.png */; };
		5693F651187C61C2003E529B /* tabbar_compose_background_icon_return@2x.png in Resources */ = {isa = PBXBuildFile; fileRef = 5693F635187C61C2003E529B /* tabbar_compose_background_icon_return@2x.png */; };
		5693F652187C61C2003E529B /* tabbar_compose_camera.png in Resources */ = {isa = PBXBuildFile; fileRef = 5693F636187C61C2003E529B /* tabbar_compose_camera.png */; };
		5693F653187C61C2003E529B /* tabbar_compose_camera@2x.png in Resources */ = {isa = PBXBuildFile; fileRef = 5693F637187C61C2003E529B /* tabbar_compose_camera@2x.png */; };
		5693F654187C61C2003E529B /* tabbar_compose_delete.png in Resources */ = {isa = PBXBuildFile; fileRef = 5693F638187C61C2003E529B /* tabbar_compose_delete.png */; };
		5693F655187C61C2003E529B /* tabbar_compose_delete@2x.png in Resources */ = {isa = PBXBuildFile; fileRef = 5693F639187C61C2003E529B /* tabbar_compose_delete@2x.png */; };
		5693F656187C61C2003E529B /* tabbar_compose_envelope.png in Resources */ = {isa = PBXBuildFile; fileRef = 5693F63A187C61C2003E529B /* tabbar_compose_envelope.png */; };
		5693F657187C61C2003E529B /* tabbar_compose_envelope@2x.png in Resources */ = {isa = PBXBuildFile; fileRef = 5693F63B187C61C2003E529B /* tabbar_compose_envelope@2x.png */; };
		5693F658187C61C2003E529B /* tabbar_compose_friend.png in Resources */ = {isa = PBXBuildFile; fileRef = 5693F63C187C61C2003E529B /* tabbar_compose_friend.png */; };
		5693F659187C61C2003E529B /* tabbar_compose_friend@2x.png in Resources */ = {isa = PBXBuildFile; fileRef = 5693F63D187C61C2003E529B /* tabbar_compose_friend@2x.png */; };
		5693F65A187C61C2003E529B /* tabbar_compose_idea.png in Resources */ = {isa = PBXBuildFile; fileRef = 5693F63E187C61C2003E529B /* tabbar_compose_idea.png */; };
		5693F65B187C61C2003E529B /* tabbar_compose_idea@2x.png in Resources */ = {isa = PBXBuildFile; fileRef = 5693F63F187C61C2003E529B /* tabbar_compose_idea@2x.png */; };
		5693F65C187C61C2003E529B /* tabbar_compose_lbs.png in Resources */ = {isa = PBXBuildFile; fileRef = 5693F640187C61C2003E529B /* tabbar_compose_lbs.png */; };
		5693F65D187C61C2003E529B /* tabbar_compose_lbs@2x.png in Resources */ = {isa = PBXBuildFile; fileRef = 5693F641187C61C2003E529B /* tabbar_compose_lbs@2x.png */; };
		5693F65E187C61C2003E529B /* tabbar_compose_more.png in Resources */ = {isa = PBXBuildFile; fileRef = 5693F642187C61C2003E529B /* tabbar_compose_more.png */; };
		5693F65F187C61C2003E529B /* tabbar_compose_more@2x.png in Resources */ = {isa = PBXBuildFile; fileRef = 5693F643187C61C2003E529B /* tabbar_compose_more@2x.png */; };
		5693F660187C61C2003E529B /* tabbar_compose_photo.png in Resources */ = {isa = PBXBuildFile; fileRef = 5693F644187C61C2003E529B /* tabbar_compose_photo.png */; };
		5693F661187C61C2003E529B /* tabbar_compose_photo@2x.png in Resources */ = {isa = PBXBuildFile; fileRef = 5693F645187C61C2003E529B /* tabbar_compose_photo@2x.png */; };
		5693F662187C61C2003E529B /* tabbar_compose_shooting.png in Resources */ = {isa = PBXBuildFile; fileRef = 5693F646187C61C2003E529B /* tabbar_compose_shooting.png */; };
		5693F663187C61C2003E529B /* tabbar_compose_shooting@2x.png in Resources */ = {isa = PBXBuildFile; fileRef = 5693F647187C61C2003E529B /* tabbar_compose_shooting@2x.png */; };
		5693F664187C61C2003E529B /* tabbar_compose_voice.png in Resources */ = {isa = PBXBuildFile; fileRef = 5693F648187C61C2003E529B /* tabbar_compose_voice.png */; };
		5693F665187C61C2003E529B /* tabbar_compose_voice@2x.png in Resources */ = {isa = PBXBuildFile; fileRef = 5693F649187C61C2003E529B /* tabbar_compose_voice@2x.png */; };
		5693F668187C61DB003E529B /* MainViewController.m in Sources */ = {isa = PBXBuildFile; fileRef = 5693F667187C61DB003E529B /* MainViewController.m */; };
/* End PBXBuildFile section */

/* Begin PBXContainerItemProxy section */
		5638DD22187C5A86003B16A3 /* PBXContainerItemProxy */ = {
			isa = PBXContainerItemProxy;
			containerPortal = 5638DCFA187C5A86003B16A3 /* Project object */;
			proxyType = 1;
			remoteGlobalIDString = 5638DD01187C5A86003B16A3;
			remoteInfo = SinaWeiboLikeMenu;
		};
/* End PBXContainerItemProxy section */

/* Begin PBXFileReference section */
		5638DD02187C5A86003B16A3 /* SinaWeiboLikeMenu.app */ = {isa = PBXFileReference; explicitFileType = wrapper.application; includeInIndex = 0; path = SinaWeiboLikeMenu.app; sourceTree = BUILT_PRODUCTS_DIR; };
		5638DD05187C5A86003B16A3 /* Foundation.framework */ = {isa = PBXFileReference; lastKnownFileType = wrapper.framework; name = Foundation.framework; path = System/Library/Frameworks/Foundation.framework; sourceTree = SDKROOT; };
		5638DD07187C5A86003B16A3 /* CoreGraphics.framework */ = {isa = PBXFileReference; lastKnownFileType = wrapper.framework; name = CoreGraphics.framework; path = System/Library/Frameworks/CoreGraphics.framework; sourceTree = SDKROOT; };
		5638DD09187C5A86003B16A3 /* UIKit.framework */ = {isa = PBXFileReference; lastKnownFileType = wrapper.framework; name = UIKit.framework; path = System/Library/Frameworks/UIKit.framework; sourceTree = SDKROOT; };
		5638DD0D187C5A86003B16A3 /* SinaWeiboLikeMenu-Info.plist */ = {isa = PBXFileReference; lastKnownFileType = text.plist.xml; path = "SinaWeiboLikeMenu-Info.plist"; sourceTree = "<group>"; };
		5638DD0F187C5A86003B16A3 /* en */ = {isa = PBXFileReference; lastKnownFileType = text.plist.strings; name = en; path = en.lproj/InfoPlist.strings; sourceTree = "<group>"; };
		5638DD11187C5A86003B16A3 /* main.m */ = {isa = PBXFileReference; lastKnownFileType = sourcecode.c.objc; path = main.m; sourceTree = "<group>"; };
		5638DD13187C5A86003B16A3 /* SinaWeiboLikeMenu-Prefix.pch */ = {isa = PBXFileReference; lastKnownFileType = sourcecode.c.h; path = "SinaWeiboLikeMenu-Prefix.pch"; sourceTree = "<group>"; };
		5638DD14187C5A86003B16A3 /* AppDelegate.h */ = {isa = PBXFileReference; lastKnownFileType = sourcecode.c.h; path = AppDelegate.h; sourceTree = "<group>"; };
		5638DD15187C5A86003B16A3 /* AppDelegate.m */ = {isa = PBXFileReference; lastKnownFileType = sourcecode.c.objc; path = AppDelegate.m; sourceTree = "<group>"; };
		5638DD17187C5A86003B16A3 /* Images.xcassets */ = {isa = PBXFileReference; lastKnownFileType = folder.assetcatalog; path = Images.xcassets; sourceTree = "<group>"; };
		5638DD1D187C5A86003B16A3 /* SinaWeiboLikeMenuTests.xctest */ = {isa = PBXFileReference; explicitFileType = wrapper.cfbundle; includeInIndex = 0; path = SinaWeiboLikeMenuTests.xctest; sourceTree = BUILT_PRODUCTS_DIR; };
		5638DD1E187C5A86003B16A3 /* XCTest.framework */ = {isa = PBXFileReference; lastKnownFileType = wrapper.framework; name = XCTest.framework; path = Library/Frameworks/XCTest.framework; sourceTree = DEVELOPER_DIR; };
		5638DD26187C5A86003B16A3 /* SinaWeiboLikeMenuTests-Info.plist */ = {isa = PBXFileReference; lastKnownFileType = text.plist.xml; path = "SinaWeiboLikeMenuTests-Info.plist"; sourceTree = "<group>"; };
		5638DD28187C5A86003B16A3 /* en */ = {isa = PBXFileReference; lastKnownFileType = text.plist.strings; name = en; path = en.lproj/InfoPlist.strings; sourceTree = "<group>"; };
		5638DD2A187C5A86003B16A3 /* SinaWeiboLikeMenuTests.m */ = {isa = PBXFileReference; lastKnownFileType = sourcecode.c.objc; path = SinaWeiboLikeMenuTests.m; sourceTree = "<group>"; };
		5693F624187C6053003E529B /* UIView+CommonAnimation.h */ = {isa = PBXFileReference; fileEncoding = 4; lastKnownFileType = sourcecode.c.h; path = "UIView+CommonAnimation.h"; sourceTree = "<group>"; };
		5693F625187C6053003E529B /* UIView+CommonAnimation.m */ = {isa = PBXFileReference; fileEncoding = 4; lastKnownFileType = sourcecode.c.objc; path = "UIView+CommonAnimation.m"; sourceTree = "<group>"; };
		5693F626187C6053003E529B /* WeiboLikeMenu.h */ = {isa = PBXFileReference; fileEncoding = 4; lastKnownFileType = sourcecode.c.h; path = WeiboLikeMenu.h; sourceTree = "<group>"; };
		5693F627187C6053003E529B /* WeiboLikeMenu.m */ = {isa = PBXFileReference; fileEncoding = 4; lastKnownFileType = sourcecode.c.objc; path = WeiboLikeMenu.m; sourceTree = "<group>"; };
		5693F62A187C607D003E529B /* WeiboLikeMenuItem.h */ = {isa = PBXFileReference; fileEncoding = 4; lastKnownFileType = sourcecode.c.h; path = WeiboLikeMenuItem.h; sourceTree = "<group>"; };
		5693F62B187C607D003E529B /* WeiboLikeMenuItem.m */ = {isa = PBXFileReference; fileEncoding = 4; lastKnownFileType = sourcecode.c.objc; path = WeiboLikeMenuItem.m; sourceTree = "<group>"; };
		5693F62E187C61C2003E529B /* icon-960x640@2x.jpg */ = {isa = PBXFileReference; lastKnownFileType = image.jpeg; path = "icon-960x640@2x.jpg"; sourceTree = "<group>"; };
		5693F62F187C61C2003E529B /* tabbar_background_os7@2x.png */ = {isa = PBXFileReference; lastKnownFileType = image.png; path = "tabbar_background_os7@2x.png"; sourceTree = "<group>"; };
		5693F630187C61C2003E529B /* tabbar_compose_background_icon_add.png */ = {isa = PBXFileReference; lastKnownFileType = image.png; path = tabbar_compose_background_icon_add.png; sourceTree = "<group>"; };
		5693F631187C61C2003E529B /* tabbar_compose_background_icon_add@2x.png */ = {isa = PBXFileReference; lastKnownFileType = image.png; path = "tabbar_compose_background_icon_add@2x.png"; sourceTree = "<group>"; };
		5693F632187C61C2003E529B /* tabbar_compose_background_icon_close.png */ = {isa = PBXFileReference; lastKnownFileType = image.png; path = tabbar_compose_background_icon_close.png; sourceTree = "<group>"; };
		5693F633187C61C2003E529B /* tabbar_compose_background_icon_close@2x.png */ = {isa = PBXFileReference; lastKnownFileType = image.png; path = "tabbar_compose_background_icon_close@2x.png"; sourceTree = "<group>"; };
		5693F634187C61C2003E529B /* tabbar_compose_background_icon_return.png */ = {isa = PBXFileReference; lastKnownFileType = image.png; path = tabbar_compose_background_icon_return.png; sourceTree = "<group>"; };
		5693F635187C61C2003E529B /* tabbar_compose_background_icon_return@2x.png */ = {isa = PBXFileReference; lastKnownFileType = image.png; path = "tabbar_compose_background_icon_return@2x.png"; sourceTree = "<group>"; };
		5693F636187C61C2003E529B /* tabbar_compose_camera.png */ = {isa = PBXFileReference; lastKnownFileType = image.png; path = tabbar_compose_camera.png; sourceTree = "<group>"; };
		5693F637187C61C2003E529B /* tabbar_compose_camera@2x.png */ = {isa = PBXFileReference; lastKnownFileType = image.png; path = "tabbar_compose_camera@2x.png"; sourceTree = "<group>"; };
		5693F638187C61C2003E529B /* tabbar_compose_delete.png */ = {isa = PBXFileReference; lastKnownFileType = image.png; path = tabbar_compose_delete.png; sourceTree = "<group>"; };
		5693F639187C61C2003E529B /* tabbar_compose_delete@2x.png */ = {isa = PBXFileReference; lastKnownFileType = image.png; path = "tabbar_compose_delete@2x.png"; sourceTree = "<group>"; };
		5693F63A187C61C2003E529B /* tabbar_compose_envelope.png */ = {isa = PBXFileReference; lastKnownFileType = image.png; path = tabbar_compose_envelope.png; sourceTree = "<group>"; };
		5693F63B187C61C2003E529B /* tabbar_compose_envelope@2x.png */ = {isa = PBXFileReference; lastKnownFileType = image.png; path = "tabbar_compose_envelope@2x.png"; sourceTree = "<group>"; };
		5693F63C187C61C2003E529B /* tabbar_compose_friend.png */ = {isa = PBXFileReference; lastKnownFileType = image.png; path = tabbar_compose_friend.png; sourceTree = "<group>"; };
		5693F63D187C61C2003E529B /* tabbar_compose_friend@2x.png */ = {isa = PBXFileReference; lastKnownFileType = image.png; path = "tabbar_compose_friend@2x.png"; sourceTree = "<group>"; };
		5693F63E187C61C2003E529B /* tabbar_compose_idea.png */ = {isa = PBXFileReference; lastKnownFileType = image.png; path = tabbar_compose_idea.png; sourceTree = "<group>"; };
		5693F63F187C61C2003E529B /* tabbar_compose_idea@2x.png */ = {isa = PBXFileReference; lastKnownFileType = image.png; path = "tabbar_compose_idea@2x.png"; sourceTree = "<group>"; };
		5693F640187C61C2003E529B /* tabbar_compose_lbs.png */ = {isa = PBXFileReference; lastKnownFileType = image.png; path = tabbar_compose_lbs.png; sourceTree = "<group>"; };
		5693F641187C61C2003E529B /* tabbar_compose_lbs@2x.png */ = {isa = PBXFileReference; lastKnownFileType = image.png; path = "tabbar_compose_lbs@2x.png"; sourceTree = "<group>"; };
		5693F642187C61C2003E529B /* tabbar_compose_more.png */ = {isa = PBXFileReference; lastKnownFileType = image.png; path = tabbar_compose_more.png; sourceTree = "<group>"; };
		5693F643187C61C2003E529B /* tabbar_compose_more@2x.png */ = {isa = PBXFileReference; lastKnownFileType = image.png; path = "tabbar_compose_more@2x.png"; sourceTree = "<group>"; };
		5693F644187C61C2003E529B /* tabbar_compose_photo.png */ = {isa = PBXFileReference; lastKnownFileType = image.png; path = tabbar_compose_photo.png; sourceTree = "<group>"; };
		5693F645187C61C2003E529B /* tabbar_compose_photo@2x.png */ = {isa = PBXFileReference; lastKnownFileType = image.png; path = "tabbar_compose_photo@2x.png"; sourceTree = "<group>"; };
		5693F646187C61C2003E529B /* tabbar_compose_shooting.png */ = {isa = PBXFileReference; lastKnownFileType = image.png; path = tabbar_compose_shooting.png; sourceTree = "<group>"; };
		5693F647187C61C2003E529B /* tabbar_compose_shooting@2x.png */ = {isa = PBXFileReference; lastKnownFileType = image.png; path = "tabbar_compose_shooting@2x.png"; sourceTree = "<group>"; };
		5693F648187C61C2003E529B /* tabbar_compose_voice.png */ = {isa = PBXFileReference; lastKnownFileType = image.png; path = tabbar_compose_voice.png; sourceTree = "<group>"; };
		5693F649187C61C2003E529B /* tabbar_compose_voice@2x.png */ = {isa = PBXFileReference; lastKnownFileType = image.png; path = "tabbar_compose_voice@2x.png"; sourceTree = "<group>"; };
		5693F666187C61DB003E529B /* MainViewController.h */ = {isa = PBXFileReference; fileEncoding = 4; lastKnownFileType = sourcecode.c.h; path = MainViewController.h; sourceTree = "<group>"; };
		5693F667187C61DB003E529B /* MainViewController.m */ = {isa = PBXFileReference; fileEncoding = 4; lastKnownFileType = sourcecode.c.objc; path = MainViewController.m; sourceTree = "<group>"; };
/* End PBXFileReference section */

/* Begin PBXFrameworksBuildPhase section */
		5638DCFF187C5A86003B16A3 /* Frameworks */ = {
			isa = PBXFrameworksBuildPhase;
			buildActionMask = 2147483647;
			files = (
				5638DD08187C5A86003B16A3 /* CoreGraphics.framework in Frameworks */,
				5638DD0A187C5A86003B16A3 /* UIKit.framework in Frameworks */,
				5638DD06187C5A86003B16A3 /* Foundation.framework in Frameworks */,
			);
			runOnlyForDeploymentPostprocessing = 0;
		};
		5638DD1A187C5A86003B16A3 /* Frameworks */ = {
			isa = PBXFrameworksBuildPhase;
			buildActionMask = 2147483647;
			files = (
				5638DD1F187C5A86003B16A3 /* XCTest.framework in Frameworks */,
				5638DD21187C5A86003B16A3 /* UIKit.framework in Frameworks */,
				5638DD20187C5A86003B16A3 /* Foundation.framework in Frameworks */,
			);
			runOnlyForDeploymentPostprocessing = 0;
		};
/* End PBXFrameworksBuildPhase section */

/* Begin PBXGroup section */
		5638DCF9187C5A86003B16A3 = {
			isa = PBXGroup;
			children = (
				5638DD0B187C5A86003B16A3 /* SinaWeiboLikeMenu */,
				5638DD24187C5A86003B16A3 /* SinaWeiboLikeMenuTests */,
				5638DD04187C5A86003B16A3 /* Frameworks */,
				5638DD03187C5A86003B16A3 /* Products */,
			);
			sourceTree = "<group>";
		};
		5638DD03187C5A86003B16A3 /* Products */ = {
			isa = PBXGroup;
			children = (
				5638DD02187C5A86003B16A3 /* SinaWeiboLikeMenu.app */,
				5638DD1D187C5A86003B16A3 /* SinaWeiboLikeMenuTests.xctest */,
			);
			name = Products;
			sourceTree = "<group>";
		};
		5638DD04187C5A86003B16A3 /* Frameworks */ = {
			isa = PBXGroup;
			children = (
				5638DD05187C5A86003B16A3 /* Foundation.framework */,
				5638DD07187C5A86003B16A3 /* CoreGraphics.framework */,
				5638DD09187C5A86003B16A3 /* UIKit.framework */,
				5638DD1E187C5A86003B16A3 /* XCTest.framework */,
			);
			name = Frameworks;
			sourceTree = "<group>";
		};
		5638DD0B187C5A86003B16A3 /* SinaWeiboLikeMenu */ = {
			isa = PBXGroup;
			children = (
				5693F62D187C61C2003E529B /* Images */,
				5693F623187C6053003E529B /* WeiboLikeMenu */,
				5638DD14187C5A86003B16A3 /* AppDelegate.h */,
				5638DD15187C5A86003B16A3 /* AppDelegate.m */,
				5638DD17187C5A86003B16A3 /* Images.xcassets */,
				5638DD0C187C5A86003B16A3 /* Supporting Files */,
				5693F666187C61DB003E529B /* MainViewController.h */,
				5693F667187C61DB003E529B /* MainViewController.m */,
			);
			path = SinaWeiboLikeMenu;
			sourceTree = "<group>";
		};
		5638DD0C187C5A86003B16A3 /* Supporting Files */ = {
			isa = PBXGroup;
			children = (
				5638DD0D187C5A86003B16A3 /* SinaWeiboLikeMenu-Info.plist */,
				5638DD0E187C5A86003B16A3 /* InfoPlist.strings */,
				5638DD11187C5A86003B16A3 /* main.m */,
				5638DD13187C5A86003B16A3 /* SinaWeiboLikeMenu-Prefix.pch */,
			);
			name = "Supporting Files";
			sourceTree = "<group>";
		};
		5638DD24187C5A86003B16A3 /* SinaWeiboLikeMenuTests */ = {
			isa = PBXGroup;
			children = (
				5638DD2A187C5A86003B16A3 /* SinaWeiboLikeMenuTests.m */,
				5638DD25187C5A86003B16A3 /* Supporting Files */,
			);
			path = SinaWeiboLikeMenuTests;
			sourceTree = "<group>";
		};
		5638DD25187C5A86003B16A3 /* Supporting Files */ = {
			isa = PBXGroup;
			children = (
				5638DD26187C5A86003B16A3 /* SinaWeiboLikeMenuTests-Info.plist */,
				5638DD27187C5A86003B16A3 /* InfoPlist.strings */,
			);
			name = "Supporting Files";
			sourceTree = "<group>";
		};
		5693F623187C6053003E529B /* WeiboLikeMenu */ = {
			isa = PBXGroup;
			children = (
				5693F624187C6053003E529B /* UIView+CommonAnimation.h */,
				5693F625187C6053003E529B /* UIView+CommonAnimation.m */,
				5693F626187C6053003E529B /* WeiboLikeMenu.h */,
				5693F627187C6053003E529B /* WeiboLikeMenu.m */,
				5693F62A187C607D003E529B /* WeiboLikeMenuItem.h */,
				5693F62B187C607D003E529B /* WeiboLikeMenuItem.m */,
			);
			path = WeiboLikeMenu;
			sourceTree = "<group>";
		};
		5693F62D187C61C2003E529B /* Images */ = {
			isa = PBXGroup;
			children = (
				5693F62E187C61C2003E529B /* icon-960x640@2x.jpg */,
				5693F62F187C61C2003E529B /* tabbar_background_os7@2x.png */,
				5693F630187C61C2003E529B /* tabbar_compose_background_icon_add.png */,
				5693F631187C61C2003E529B /* tabbar_compose_background_icon_add@2x.png */,
				5693F632187C61C2003E529B /* tabbar_compose_background_icon_close.png */,
				5693F633187C61C2003E529B /* tabbar_compose_background_icon_close@2x.png */,
				5693F634187C61C2003E529B /* tabbar_compose_background_icon_return.png */,
				5693F635187C61C2003E529B /* tabbar_compose_background_icon_return@2x.png */,
				5693F636187C61C2003E529B /* tabbar_compose_camera.png */,
				5693F637187C61C2003E529B /* tabbar_compose_camera@2x.png */,
				5693F638187C61C2003E529B /* tabbar_compose_delete.png */,
				5693F639187C61C2003E529B /* tabbar_compose_delete@2x.png */,
				5693F63A187C61C2003E529B /* tabbar_compose_envelope.png */,
				5693F63B187C61C2003E529B /* tabbar_compose_envelope@2x.png */,
				5693F63C187C61C2003E529B /* tabbar_compose_friend.png */,
				5693F63D187C61C2003E529B /* tabbar_compose_friend@2x.png */,
				5693F63E187C61C2003E529B /* tabbar_compose_idea.png */,
				5693F63F187C61C2003E529B /* tabbar_compose_idea@2x.png */,
				5693F640187C61C2003E529B /* tabbar_compose_lbs.png */,
				5693F641187C61C2003E529B /* tabbar_compose_lbs@2x.png */,
				5693F642187C61C2003E529B /* tabbar_compose_more.png */,
				5693F643187C61C2003E529B /* tabbar_compose_more@2x.png */,
				5693F644187C61C2003E529B /* tabbar_compose_photo.png */,
				5693F645187C61C2003E529B /* tabbar_compose_photo@2x.png */,
				5693F646187C61C2003E529B /* tabbar_compose_shooting.png */,
				5693F647187C61C2003E529B /* tabbar_compose_shooting@2x.png */,
				5693F648187C61C2003E529B /* tabbar_compose_voice.png */,
				5693F649187C61C2003E529B /* tabbar_compose_voice@2x.png */,
			);
			path = Images;
			sourceTree = "<group>";
		};
/* End PBXGroup section */

/* Begin PBXNativeTarget section */
		5638DD01187C5A86003B16A3 /* SinaWeiboLikeMenu */ = {
			isa = PBXNativeTarget;
			buildConfigurationList = 5638DD2E187C5A86003B16A3 /* Build configuration list for PBXNativeTarget "SinaWeiboLikeMenu" */;
			buildPhases = (
				5638DCFE187C5A86003B16A3 /* Sources */,
				5638DCFF187C5A86003B16A3 /* Frameworks */,
				5638DD00187C5A86003B16A3 /* Resources */,
			);
			buildRules = (
			);
			dependencies = (
			);
			name = SinaWeiboLikeMenu;
			productName = SinaWeiboLikeMenu;
			productReference = 5638DD02187C5A86003B16A3 /* SinaWeiboLikeMenu.app */;
			productType = "com.apple.product-type.application";
		};
		5638DD1C187C5A86003B16A3 /* SinaWeiboLikeMenuTests */ = {
			isa = PBXNativeTarget;
			buildConfigurationList = 5638DD31187C5A86003B16A3 /* Build configuration list for PBXNativeTarget "SinaWeiboLikeMenuTests" */;
			buildPhases = (
				5638DD19187C5A86003B16A3 /* Sources */,
				5638DD1A187C5A86003B16A3 /* Frameworks */,
				5638DD1B187C5A86003B16A3 /* Resources */,
			);
			buildRules = (
			);
			dependencies = (
				5638DD23187C5A86003B16A3 /* PBXTargetDependency */,
			);
			name = SinaWeiboLikeMenuTests;
			productName = SinaWeiboLikeMenuTests;
			productReference = 5638DD1D187C5A86003B16A3 /* SinaWeiboLikeMenuTests.xctest */;
			productType = "com.apple.product-type.bundle.unit-test";
		};
/* End PBXNativeTarget section */

/* Begin PBXProject section */
		5638DCFA187C5A86003B16A3 /* Project object */ = {
			isa = PBXProject;
			attributes = {
				LastUpgradeCheck = 0500;
				TargetAttributes = {
					5638DD1C187C5A86003B16A3 = {
						TestTargetID = 5638DD01187C5A86003B16A3;
					};
				};
			};
			buildConfigurationList = 5638DCFD187C5A86003B16A3 /* Build configuration list for PBXProject "SinaWeiboLikeMenu" */;
			compatibilityVersion = "Xcode 3.2";
			developmentRegion = English;
			hasScannedForEncodings = 0;
			knownRegions = (
				en,
			);
			mainGroup = 5638DCF9187C5A86003B16A3;
			productRefGroup = 5638DD03187C5A86003B16A3 /* Products */;
			projectDirPath = "";
			projectRoot = "";
			targets = (
				5638DD01187C5A86003B16A3 /* SinaWeiboLikeMenu */,
				5638DD1C187C5A86003B16A3 /* SinaWeiboLikeMenuTests */,
			);
		};
/* End PBXProject section */

/* Begin PBXResourcesBuildPhase section */
		5638DD00187C5A86003B16A3 /* Resources */ = {
			isa = PBXResourcesBuildPhase;
			buildActionMask = 2147483647;
			files = (
				5693F64B187C61C2003E529B /* tabbar_background_os7@2x.png in Resources */,
				5693F658187C61C2003E529B /* tabbar_compose_friend.png in Resources */,
				5693F663187C61C2003E529B /* tabbar_compose_shooting@2x.png in Resources */,
				5638DD10187C5A86003B16A3 /* InfoPlist.strings in Resources */,
				5693F655187C61C2003E529B /* tabbar_compose_delete@2x.png in Resources */,
				5693F654187C61C2003E529B /* tabbar_compose_delete.png in Resources */,
				5693F65D187C61C2003E529B /* tabbar_compose_lbs@2x.png in Resources */,
				5693F660187C61C2003E529B /* tabbar_compose_photo.png in Resources */,
				5693F651187C61C2003E529B /* tabbar_compose_background_icon_return@2x.png in Resources */,
				5693F662187C61C2003E529B /* tabbar_compose_shooting.png in Resources */,
				5693F665187C61C2003E529B /* tabbar_compose_voice@2x.png in Resources */,
				5693F64D187C61C2003E529B /* tabbar_compose_background_icon_add@2x.png in Resources */,
				5638DD18187C5A86003B16A3 /* Images.xcassets in Resources */,
				5693F652187C61C2003E529B /* tabbar_compose_camera.png in Resources */,
				5693F65F187C61C2003E529B /* tabbar_compose_more@2x.png in Resources */,
				5693F65A187C61C2003E529B /* tabbar_compose_idea.png in Resources */,
				5693F65E187C61C2003E529B /* tabbar_compose_more.png in Resources */,
				5693F661187C61C2003E529B /* tabbar_compose_photo@2x.png in Resources */,
				5693F65B187C61C2003E529B /* tabbar_compose_idea@2x.png in Resources */,
				5693F656187C61C2003E529B /* tabbar_compose_envelope.png in Resources */,
				5693F657187C61C2003E529B /* tabbar_compose_envelope@2x.png in Resources */,
				5693F64A187C61C2003E529B /* icon-960x640@2x.jpg in Resources */,
				5693F64F187C61C2003E529B /* tabbar_compose_background_icon_close@2x.png in Resources */,
				5693F65C187C61C2003E529B /* tabbar_compose_lbs.png in Resources */,
				5693F64C187C61C2003E529B /* tabbar_compose_background_icon_add.png in Resources */,
				5693F664187C61C2003E529B /* tabbar_compose_voice.png in Resources */,
				5693F650187C61C2003E529B /* tabbar_compose_background_icon_return.png in Resources */,
				5693F653187C61C2003E529B /* tabbar_compose_camera@2x.png in Resources */,
				5693F64E187C61C2003E529B /* tabbar_compose_background_icon_close.png in Resources */,
				5693F659187C61C2003E529B /* tabbar_compose_friend@2x.png in Resources */,
			);
			runOnlyForDeploymentPostprocessing = 0;
		};
		5638DD1B187C5A86003B16A3 /* Resources */ = {
			isa = PBXResourcesBuildPhase;
			buildActionMask = 2147483647;
			files = (
				5638DD29187C5A86003B16A3 /* InfoPlist.strings in Resources */,
			);
			runOnlyForDeploymentPostprocessing = 0;
		};
/* End PBXResourcesBuildPhase section */

/* Begin PBXSourcesBuildPhase section */
		5638DCFE187C5A86003B16A3 /* Sources */ = {
			isa = PBXSourcesBuildPhase;
			buildActionMask = 2147483647;
			files = (
				5693F628187C6053003E529B /* UIView+CommonAnimation.m in Sources */,
				5693F668187C61DB003E529B /* MainViewController.m in Sources */,
				5638DD16187C5A86003B16A3 /* AppDelegate.m in Sources */,
				5693F629187C6053003E529B /* WeiboLikeMenu.m in Sources */,
				5693F62C187C607D003E529B /* WeiboLikeMenuItem.m in Sources */,
				5638DD12187C5A86003B16A3 /* main.m in Sources */,
			);
			runOnlyForDeploymentPostprocessing = 0;
		};
		5638DD19187C5A86003B16A3 /* Sources */ = {
			isa = PBXSourcesBuildPhase;
			buildActionMask = 2147483647;
			files = (
				5638DD2B187C5A86003B16A3 /* SinaWeiboLikeMenuTests.m in Sources */,
			);
			runOnlyForDeploymentPostprocessing = 0;
		};
/* End PBXSourcesBuildPhase section */

/* Begin PBXTargetDependency section */
		5638DD23187C5A86003B16A3 /* PBXTargetDependency */ = {
			isa = PBXTargetDependency;
			target = 5638DD01187C5A86003B16A3 /* SinaWeiboLikeMenu */;
			targetProxy = 5638DD22187C5A86003B16A3 /* PBXContainerItemProxy */;
		};
/* End PBXTargetDependency section */

/* Begin PBXVariantGroup section */
		5638DD0E187C5A86003B16A3 /* InfoPlist.strings */ = {
			isa = PBXVariantGroup;
			children = (
				5638DD0F187C5A86003B16A3 /* en */,
			);
			name = InfoPlist.strings;
			sourceTree = "<group>";
		};
		5638DD27187C5A86003B16A3 /* InfoPlist.strings */ = {
			isa = PBXVariantGroup;
			children = (
				5638DD28187C5A86003B16A3 /* en */,
			);
			name = InfoPlist.strings;
			sourceTree = "<group>";
		};
/* End PBXVariantGroup section */

/* Begin XCBuildConfiguration section */
		5638DD2C187C5A86003B16A3 /* Debug */ = {
			isa = XCBuildConfiguration;
			buildSettings = {
				ALWAYS_SEARCH_USER_PATHS = NO;
				ARCHS = "$(ARCHS_STANDARD_INCLUDING_64_BIT)";
				CLANG_CXX_LANGUAGE_STANDARD = "gnu++0x";
				CLANG_CXX_LIBRARY = "libc++";
				CLANG_ENABLE_MODULES = YES;
				CLANG_ENABLE_OBJC_ARC = YES;
				CLANG_WARN_BOOL_CONVERSION = YES;
				CLANG_WARN_CONSTANT_CONVERSION = YES;
				CLANG_WARN_DIRECT_OBJC_ISA_USAGE = YES_ERROR;
				CLANG_WARN_EMPTY_BODY = YES;
				CLANG_WARN_ENUM_CONVERSION = YES;
				CLANG_WARN_INT_CONVERSION = YES;
				CLANG_WARN_OBJC_ROOT_CLASS = YES_ERROR;
				CLANG_WARN__DUPLICATE_METHOD_MATCH = YES;
				"CODE_SIGN_IDENTITY[sdk=iphoneos*]" = "iPhone Developer";
				COPY_PHASE_STRIP = NO;
				GCC_C_LANGUAGE_STANDARD = gnu99;
				GCC_DYNAMIC_NO_PIC = NO;
				GCC_OPTIMIZATION_LEVEL = 0;
				GCC_PREPROCESSOR_DEFINITIONS = (
					"DEBUG=1",
					"$(inherited)",
				);
				GCC_SYMBOLS_PRIVATE_EXTERN = NO;
				GCC_WARN_64_TO_32_BIT_CONVERSION = YES;
				GCC_WARN_ABOUT_RETURN_TYPE = YES_ERROR;
				GCC_WARN_UNDECLARED_SELECTOR = YES;
				GCC_WARN_UNINITIALIZED_AUTOS = YES;
				GCC_WARN_UNUSED_FUNCTION = YES;
				GCC_WARN_UNUSED_VARIABLE = YES;
				IPHONEOS_DEPLOYMENT_TARGET = 7.0;
				ONLY_ACTIVE_ARCH = YES;
				SDKROOT = iphoneos;
			};
			name = Debug;
		};
		5638DD2D187C5A86003B16A3 /* Release */ = {
			isa = XCBuildConfiguration;
			buildSettings = {
				ALWAYS_SEARCH_USER_PATHS = NO;
				ARCHS = "$(ARCHS_STANDARD_INCLUDING_64_BIT)";
				CLANG_CXX_LANGUAGE_STANDARD = "gnu++0x";
				CLANG_CXX_LIBRARY = "libc++";
				CLANG_ENABLE_MODULES = YES;
				CLANG_ENABLE_OBJC_ARC = YES;
				CLANG_WARN_BOOL_CONVERSION = YES;
				CLANG_WARN_CONSTANT_CONVERSION = YES;
				CLANG_WARN_DIRECT_OBJC_ISA_USAGE = YES_ERROR;
				CLANG_WARN_EMPTY_BODY = YES;
				CLANG_WARN_ENUM_CONVERSION = YES;
				CLANG_WARN_INT_CONVERSION = YES;
				CLANG_WARN_OBJC_ROOT_CLASS = YES_ERROR;
				CLANG_WARN__DUPLICATE_METHOD_MATCH = YES;
				"CODE_SIGN_IDENTITY[sdk=iphoneos*]" = "iPhone Developer";
				COPY_PHASE_STRIP = YES;
				ENABLE_NS_ASSERTIONS = NO;
				GCC_C_LANGUAGE_STANDARD = gnu99;
				GCC_WARN_64_TO_32_BIT_CONVERSION = YES;
				GCC_WARN_ABOUT_RETURN_TYPE = YES_ERROR;
				GCC_WARN_UNDECLARED_SELECTOR = YES;
				GCC_WARN_UNINITIALIZED_AUTOS = YES;
				GCC_WARN_UNUSED_FUNCTION = YES;
				GCC_WARN_UNUSED_VARIABLE = YES;
				IPHONEOS_DEPLOYMENT_TARGET = 7.0;
				SDKROOT = iphoneos;
				VALIDATE_PRODUCT = YES;
			};
			name = Release;
		};
		5638DD2F187C5A86003B16A3 /* Debug */ = {
			isa = XCBuildConfiguration;
			buildSettings = {
				ASSETCATALOG_COMPILER_APPICON_NAME = AppIcon;
				ASSETCATALOG_COMPILER_LAUNCHIMAGE_NAME = LaunchImage;
				GCC_PRECOMPILE_PREFIX_HEADER = YES;
				GCC_PREFIX_HEADER = "SinaWeiboLikeMenu/SinaWeiboLikeMenu-Prefix.pch";
				INFOPLIST_FILE = "SinaWeiboLikeMenu/SinaWeiboLikeMenu-Info.plist";
				PRODUCT_NAME = "$(TARGET_NAME)";
				WRAPPER_EXTENSION = app;
			};
			name = Debug;
		};
		5638DD30187C5A86003B16A3 /* Release */ = {
			isa = XCBuildConfiguration;
			buildSettings = {
				ASSETCATALOG_COMPILER_APPICON_NAME = AppIcon;
				ASSETCATALOG_COMPILER_LAUNCHIMAGE_NAME = LaunchImage;
				GCC_PRECOMPILE_PREFIX_HEADER = YES;
				GCC_PREFIX_HEADER = "SinaWeiboLikeMenu/SinaWeiboLikeMenu-Prefix.pch";
				INFOPLIST_FILE = "SinaWeiboLikeMenu/SinaWeiboLikeMenu-Info.plist";
				PRODUCT_NAME = "$(TARGET_NAME)";
				WRAPPER_EXTENSION = app;
			};
			name = Release;
		};
		5638DD32187C5A86003B16A3 /* Debug */ = {
			isa = XCBuildConfiguration;
			buildSettings = {
				ARCHS = "$(ARCHS_STANDARD_INCLUDING_64_BIT)";
				BUNDLE_LOADER = "$(BUILT_PRODUCTS_DIR)/SinaWeiboLikeMenu.app/SinaWeiboLikeMenu";
				FRAMEWORK_SEARCH_PATHS = (
					"$(SDKROOT)/Developer/Library/Frameworks",
					"$(inherited)",
					"$(DEVELOPER_FRAMEWORKS_DIR)",
				);
				GCC_PRECOMPILE_PREFIX_HEADER = YES;
				GCC_PREFIX_HEADER = "SinaWeiboLikeMenu/SinaWeiboLikeMenu-Prefix.pch";
				GCC_PREPROCESSOR_DEFINITIONS = (
					"DEBUG=1",
					"$(inherited)",
				);
				INFOPLIST_FILE = "SinaWeiboLikeMenuTests/SinaWeiboLikeMenuTests-Info.plist";
				PRODUCT_NAME = "$(TARGET_NAME)";
				TEST_HOST = "$(BUNDLE_LOADER)";
				WRAPPER_EXTENSION = xctest;
			};
			name = Debug;
		};
		5638DD33187C5A86003B16A3 /* Release */ = {
			isa = XCBuildConfiguration;
			buildSettings = {
				ARCHS = "$(ARCHS_STANDARD_INCLUDING_64_BIT)";
				BUNDLE_LOADER = "$(BUILT_PRODUCTS_DIR)/SinaWeiboLikeMenu.app/SinaWeiboLikeMenu";
				FRAMEWORK_SEARCH_PATHS = (
					"$(SDKROOT)/Developer/Library/Frameworks",
					"$(inherited)",
					"$(DEVELOPER_FRAMEWORKS_DIR)",
				);
				GCC_PRECOMPILE_PREFIX_HEADER = YES;
				GCC_PREFIX_HEADER = "SinaWeiboLikeMenu/SinaWeiboLikeMenu-Prefix.pch";
				INFOPLIST_FILE = "SinaWeiboLikeMenuTests/SinaWeiboLikeMenuTests-Info.plist";
				PRODUCT_NAME = "$(TARGET_NAME)";
				TEST_HOST = "$(BUNDLE_LOADER)";
				WRAPPER_EXTENSION = xctest;
			};
			name = Release;
		};
/* End XCBuildConfiguration section */

/* Begin XCConfigurationList section */
		5638DCFD187C5A86003B16A3 /* Build configuration list for PBXProject "SinaWeiboLikeMenu" */ = {
			isa = XCConfigurationList;
			buildConfigurations = (
				5638DD2C187C5A86003B16A3 /* Debug */,
				5638DD2D187C5A86003B16A3 /* Release */,
			);
			defaultConfigurationIsVisible = 0;
			defaultConfigurationName = Release;
		};
		5638DD2E187C5A86003B16A3 /* Build configuration list for PBXNativeTarget "SinaWeiboLikeMenu" */ = {
			isa = XCConfigurationList;
			buildConfigurations = (
				5638DD2F187C5A86003B16A3 /* Debug */,
				5638DD30187C5A86003B16A3 /* Release */,
			);
			defaultConfigurationIsVisible = 0;
			defaultConfigurationName = Release;
		};
		5638DD31187C5A86003B16A3 /* Build configuration list for PBXNativeTarget "SinaWeiboLikeMenuTests" */ = {
			isa = XCConfigurationList;
			buildConfigurations = (
				5638DD32187C5A86003B16A3 /* Debug */,
				5638DD33187C5A86003B16A3 /* Release */,
			);
			defaultConfigurationIsVisible = 0;
			defaultConfigurationName = Release;
		};
/* End XCConfigurationList section */
	};
	rootObject = 5638DCFA187C5A86003B16A3 /* Project object */;
}
